
Microsoft Visual Studio Solution File, Format Version 12.00
# Visual Studio 2017
Project("{FAE04EC0-301F-11D3-BF4B-00C04F79EFBC}") = "LogoQuizPlaceholder", "LogoQuizPlaceholder.csproj", "{DF871D4D-B21C-53D3-8037-4FF6C7848E03}"
EndProject
Project("{FAE04EC0-301F-11D3-BF4B-00C04F79EFBC}") = "LogoQuizPlaceholder.Editor", "LogoQuizPlaceholder.Editor.csproj", "{3F68182D-E723-14A8-F2A5-F194E01AF820}"
EndProject
Global
	GlobalSection(SolutionConfigurationPlatforms) = preSolution
		Debug|Any CPU = Debug|Any CPU
		Release|Any CPU = Release|Any CPU
	EndGlobalSection
	GlobalSection(ProjectConfigurationPlatforms) = postSolution
		{DF871D4D-B21C-53D3-8037-4FF6C7848E03}.Debug|Any CPU.ActiveCfg = Debug|Any CPU
		{DF871D4D-B21C-53D3-8037-4FF6C7848E03}.Debug|Any CPU.Build.0 = Debug|Any CPU
		{DF871D4D-B21C-53D3-8037-4FF6C7848E03}.Release|Any CPU.ActiveCfg = Release|Any CPU
		{DF871D4D-B21C-53D3-8037-4FF6C7848E03}.Release|Any CPU.Build.0 = Release|Any CPU
		{3F68182D-E723-14A8-F2A5-F194E01AF820}.Debug|Any CPU.ActiveCfg = Debug|Any CPU
		{3F68182D-E723-14A8-F2A5-F194E01AF820}.Debug|Any CPU.Build.0 = Debug|Any CPU
		{3F68182D-E723-14A8-F2A5-F194E01AF820}.Release|Any CPU.ActiveCfg = Release|Any CPU
		{3F68182D-E723-14A8-F2A5-F194E01AF820}.Release|Any CPU.Build.0 = Release|Any CPU
	EndGlobalSection
	GlobalSection(SolutionProperties) = preSolution
		HideSolutionNode = FALSE
	EndGlobalSection
EndGlobal
